# THIS IS AN AUTOGENERATED FILE. DO NOT EDIT THIS FILE DIRECTLY.
# yarn lockfile v1


"@actions/core@^1.10.0":
  version "1.10.0"
  resolved "https://registry.yarnpkg.com/@actions/core/-/core-1.10.0.tgz#44551c3c71163949a2f06e94d9ca2157a0cfac4f"
  integrity sha512-2aZDDa3zrrZbP5ZYg159sNoLRb61nQ7awl5pSvIq5Qpj81vwDzdMRKzkWJGJuwVvWpvZKx7vspJALyvaaIQyug==
  dependencies:
    "@actions/http-client" "^2.0.1"
    uuid "^8.3.2"

"@actions/http-client@^2.0.1":
  version "2.0.1"
  resolved "https://registry.yarnpkg.com/@actions/http-client/-/http-client-2.0.1.tgz#873f4ca98fe32f6839462a6f046332677322f99c"
  integrity sha512-PIXiMVtz6VvyaRsGY268qvj57hXQEpsYogYOu2nrQhlf+XCGmZstmuZBbAybUl1nQGnvS1k1eEsQ69ZoD7xlSw==
  dependencies:
    tunnel "^0.0.6"

"@octokit/app@^15.1.6":
  version "15.1.6"
  resolved "https://registry.yarnpkg.com/@octokit/app/-/app-15.1.6.tgz#055f8d59ead26e1bf0a0efe127ff838b49cef7a2"
  integrity sha512-WELCamoCJo9SN0lf3SWZccf68CF0sBNPQuLYmZ/n87p5qvBJDe9aBtr5dHkh7T9nxWZ608pizwsUbypSzZAiUw==
  dependencies:
    "@octokit/auth-app" "^7.2.1"
    "@octokit/auth-unauthenticated" "^6.1.3"
    "@octokit/core" "^6.1.5"
    "@octokit/oauth-app" "^7.1.6"
    "@octokit/plugin-paginate-rest" "^12.0.0"
    "@octokit/types" "^14.0.0"
    "@octokit/webhooks" "^13.6.1"

"@octokit/auth-app@^7.2.1":
  version "7.2.1"
  resolved "https://registry.yarnpkg.com/@octokit/auth-app/-/auth-app-7.2.1.tgz#ed3d3ae487c5b42db88b10e95175d1a8a8965cbf"
  integrity sha512-4jaopCVOtWN0V8qCx/1s2pkRqC6tcvIQM3kFB99eIpsP53GfsoIKO08D94b83n/V3iGihHmxWR2lXzE0NicUGg==
  dependencies:
    "@octokit/auth-oauth-app" "^8.1.4"
    "@octokit/auth-oauth-user" "^5.1.4"
    "@octokit/request" "^9.2.3"
    "@octokit/request-error" "^6.1.8"
    "@octokit/types" "^14.0.0"
    toad-cache "^3.7.0"
    universal-github-app-jwt "^2.2.0"
    universal-user-agent "^7.0.0"

"@octokit/auth-oauth-app@^8.1.3", "@octokit/auth-oauth-app@^8.1.4":
  version "8.1.4"
  resolved "https://registry.yarnpkg.com/@octokit/auth-oauth-app/-/auth-oauth-app-8.1.4.tgz#4a41ed59ae81c36215976e3523a671d5eacb6d52"
  integrity sha512-71iBa5SflSXcclk/OL3lJzdt4iFs56OJdpBGEBl1wULp7C58uiswZLV6TdRaiAzHP1LT8ezpbHlKuxADb+4NkQ==
  dependencies:
    "@octokit/auth-oauth-device" "^7.1.5"
    "@octokit/auth-oauth-user" "^5.1.4"
    "@octokit/request" "^9.2.3"
    "@octokit/types" "^14.0.0"
    universal-user-agent "^7.0.0"

"@octokit/auth-oauth-device@^7.1.5":
  version "7.1.5"
  resolved "https://registry.yarnpkg.com/@octokit/auth-oauth-device/-/auth-oauth-device-7.1.5.tgz#dd22ed25539c4dadd27bfa3afccd244434fb4c48"
  integrity sha512-lR00+k7+N6xeECj0JuXeULQ2TSBB/zjTAmNF2+vyGPDEFx1dgk1hTDmL13MjbSmzusuAmuJD8Pu39rjp9jH6yw==
  dependencies:
    "@octokit/oauth-methods" "^5.1.5"
    "@octokit/request" "^9.2.3"
    "@octokit/types" "^14.0.0"
    universal-user-agent "^7.0.0"

"@octokit/auth-oauth-user@^5.1.3", "@octokit/auth-oauth-user@^5.1.4":
  version "5.1.4"
  resolved "https://registry.yarnpkg.com/@octokit/auth-oauth-user/-/auth-oauth-user-5.1.4.tgz#c8286e2812d0945e737563d94a1046b44078a06d"
  integrity sha512-4tJRofMHm6ZCd3O2PVgboBbQ/lNtacREeaihet0+wCATZmvPK+jjg2K6NjBfY69An3yzQdmkcMeiaOOoxOPr7Q==
  dependencies:
    "@octokit/auth-oauth-device" "^7.1.5"
    "@octokit/oauth-methods" "^5.1.5"
    "@octokit/request" "^9.2.3"
    "@octokit/types" "^14.0.0"
    universal-user-agent "^7.0.0"

"@octokit/auth-token@^5.0.0":
  version "5.1.2"
  resolved "https://registry.yarnpkg.com/@octokit/auth-token/-/auth-token-5.1.2.tgz#68a486714d7a7fd1df56cb9bc89a860a0de866de"
  integrity sha512-JcQDsBdg49Yky2w2ld20IHAlwr8d/d8N6NiOXbtuoPCqzbsiJgF633mVUw3x4mo0H5ypataQIX7SFu3yy44Mpw==

"@octokit/auth-unauthenticated@^6.1.2", "@octokit/auth-unauthenticated@^6.1.3":
  version "6.1.3"
  resolved "https://registry.yarnpkg.com/@octokit/auth-unauthenticated/-/auth-unauthenticated-6.1.3.tgz#7f6eca87eb5cdfdccacd92399de6fd9607c61256"
  integrity sha512-d5gWJla3WdSl1yjbfMpET+hUSFCE15qM0KVSB0H1shyuJihf/RL1KqWoZMIaonHvlNojkL9XtLFp8QeLe+1iwA==
  dependencies:
    "@octokit/request-error" "^6.1.8"
    "@octokit/types" "^14.0.0"

"@octokit/core@^6.1.4", "@octokit/core@^6.1.5":
  version "6.1.5"
  resolved "https://registry.yarnpkg.com/@octokit/core/-/core-6.1.5.tgz#c2842aae87c2c2130b7dd33e8caa0f642dde2c67"
  integrity sha512-vvmsN0r7rguA+FySiCsbaTTobSftpIDIpPW81trAmsv9TGxg3YCujAxRYp/Uy8xmDgYCzzgulG62H7KYUFmeIg==
  dependencies:
    "@octokit/auth-token" "^5.0.0"
    "@octokit/graphql" "^8.2.2"
    "@octokit/request" "^9.2.3"
    "@octokit/request-error" "^6.1.8"
    "@octokit/types" "^14.0.0"
    before-after-hook "^3.0.2"
    universal-user-agent "^7.0.0"

"@octokit/endpoint@^10.1.4":
  version "10.1.4"
  resolved "https://registry.yarnpkg.com/@octokit/endpoint/-/endpoint-10.1.4.tgz#8783be38a32b95af8bcb6523af20ab4eed7a2adb"
  integrity sha512-OlYOlZIsfEVZm5HCSR8aSg02T2lbUWOsCQoPKfTXJwDzcHQBrVBGdGXb89dv2Kw2ToZaRtudp8O3ZIYoaOjKlA==
  dependencies:
    "@octokit/types" "^14.0.0"
    universal-user-agent "^7.0.2"

"@octokit/graphql@^8.2.2":
  version "8.2.2"
  resolved "https://registry.yarnpkg.com/@octokit/graphql/-/graphql-8.2.2.tgz#3db48c4ffdf07f99600cee513baf45e73eced4d1"
  integrity sha512-Yi8hcoqsrXGdt0yObxbebHXFOiUA+2v3n53epuOg1QUgOB6c4XzvisBNVXJSl8RYA5KrDuSL2yq9Qmqe5N0ryA==
  dependencies:
    "@octokit/request" "^9.2.3"
    "@octokit/types" "^14.0.0"
    universal-user-agent "^7.0.0"

"@octokit/oauth-app@^7.1.6":
  version "7.1.6"
  resolved "https://registry.yarnpkg.com/@octokit/oauth-app/-/oauth-app-7.1.6.tgz#f55c7ab2381028a71564aa6a1baf3921c620c437"
  integrity sha512-OMcMzY2WFARg80oJNFwWbY51TBUfLH4JGTy119cqiDawSFXSIBujxmpXiKbGWQlvfn0CxE6f7/+c6+Kr5hI2YA==
  dependencies:
    "@octokit/auth-oauth-app" "^8.1.3"
    "@octokit/auth-oauth-user" "^5.1.3"
    "@octokit/auth-unauthenticated" "^6.1.2"
    "@octokit/core" "^6.1.4"
    "@octokit/oauth-authorization-url" "^7.1.1"
    "@octokit/oauth-methods" "^5.1.4"
    "@types/aws-lambda" "^8.10.83"
    universal-user-agent "^7.0.0"

"@octokit/oauth-authorization-url@^7.0.0", "@octokit/oauth-authorization-url@^7.1.1":
  version "7.1.1"
  resolved "https://registry.yarnpkg.com/@octokit/oauth-authorization-url/-/oauth-authorization-url-7.1.1.tgz#0e17c2225eb66b58ec902d02b6f1315ffe9ff04b"
  integrity sha512-ooXV8GBSabSWyhLUowlMIVd9l1s2nsOGQdlP2SQ4LnkEsGXzeCvbSbCPdZThXhEFzleGPwbapT0Sb+YhXRyjCA==

"@octokit/oauth-methods@^5.1.4", "@octokit/oauth-methods@^5.1.5":
  version "5.1.5"
  resolved "https://registry.yarnpkg.com/@octokit/oauth-methods/-/oauth-methods-5.1.5.tgz#647fcd135cedd2371452631ef131497e8037b008"
  integrity sha512-Ev7K8bkYrYLhoOSZGVAGsLEscZQyq7XQONCBBAl2JdMg7IT3PQn/y8P0KjloPoYpI5UylqYrLeUcScaYWXwDvw==
  dependencies:
    "@octokit/oauth-authorization-url" "^7.0.0"
    "@octokit/request" "^9.2.3"
    "@octokit/request-error" "^6.1.8"
    "@octokit/types" "^14.0.0"

"@octokit/openapi-types@^25.0.0":
  version "25.0.0"
  resolved "https://registry.yarnpkg.com/@octokit/openapi-types/-/openapi-types-25.0.0.tgz#adeead36992abf966e89dcd53518d8b0dc910e0d"
  integrity sha512-FZvktFu7HfOIJf2BScLKIEYjDsw6RKc7rBJCdvCTfKsVnx2GEB/Nbzjr29DUdb7vQhlzS/j8qDzdditP0OC6aw==

"@octokit/openapi-webhooks-types@10.4.0":
  version "10.4.0"
  resolved "https://registry.yarnpkg.com/@octokit/openapi-webhooks-types/-/openapi-webhooks-types-10.4.0.tgz#2cf1e08b9ad9f66930865c9e555499ae2e7507a3"
  integrity sha512-HMiF7FUiVBYfp8pPijMTkWuPELQB6XkPftrnSuK1C1YXaaq2+0ganiQkorEQfXTmhtwlgHJwXT6P8miVhIyjQA==

"@octokit/plugin-paginate-graphql@^5.2.4":
  version "5.2.4"
  resolved "https://registry.yarnpkg.com/@octokit/plugin-paginate-graphql/-/plugin-paginate-graphql-5.2.4.tgz#b6afda7b3f24cb93d2ab822ec8eac664a5d325d0"
  integrity sha512-pLZES1jWaOynXKHOqdnwZ5ULeVR6tVVCMm+AUbp0htdcyXDU95WbkYdU4R2ej1wKj5Tu94Mee2Ne0PjPO9cCyA==

"@octokit/plugin-paginate-rest@^12.0.0":
  version "12.0.0"
  resolved "https://registry.yarnpkg.com/@octokit/plugin-paginate-rest/-/plugin-paginate-rest-12.0.0.tgz#4f3c1caefd6f85abb4e95c1c0a38af4568cb4dae"
  integrity sha512-MPd6WK1VtZ52lFrgZ0R2FlaoiWllzgqFHaSZxvp72NmoDeZ0m8GeJdg4oB6ctqMTYyrnDYp592Xma21mrgiyDA==
  dependencies:
    "@octokit/types" "^14.0.0"

"@octokit/plugin-rest-endpoint-methods@^14.0.0":
  version "14.0.0"
  resolved "https://registry.yarnpkg.com/@octokit/plugin-rest-endpoint-methods/-/plugin-rest-endpoint-methods-14.0.0.tgz#dc4c44b7ac5b1a69596b026ba6d796c5add1668a"
  integrity sha512-iQt6ovem4b7zZYZQtdv+PwgbL5VPq37th1m2x2TdkgimIDJpsi2A6Q/OI/23i/hR6z5mL0EgisNR4dcbmckSZQ==
  dependencies:
    "@octokit/types" "^14.0.0"

"@octokit/plugin-retry@^7.2.1":
  version "7.2.1"
  resolved "https://registry.yarnpkg.com/@octokit/plugin-retry/-/plugin-retry-7.2.1.tgz#3ec7065ad451c7e6bd64c4fb16c98006a5ff2f66"
  integrity sha512-wUc3gv0D6vNHpGxSaR3FlqJpTXGWgqmk607N9L3LvPL4QjaxDgX/1nY2mGpT37Khn+nlIXdljczkRnNdTTV3/A==
  dependencies:
    "@octokit/request-error" "^6.1.8"
    "@octokit/types" "^14.0.0"
    bottleneck "^2.15.3"

"@octokit/plugin-throttling@^10.0.0":
  version "10.0.0"
  resolved "https://registry.yarnpkg.com/@octokit/plugin-throttling/-/plugin-throttling-10.0.0.tgz#3ca3c2d3b6e1deb263462f5d35ce6727527116ef"
  integrity sha512-Kuq5/qs0DVYTHZuBAzCZStCzo2nKvVRo/TDNhCcpC2TKiOGz/DisXMCvjt3/b5kr6SCI1Y8eeeJTHBxxpFvZEg==
  dependencies:
    "@octokit/types" "^14.0.0"
    bottleneck "^2.15.3"

"@octokit/request-error@^6.1.7", "@octokit/request-error@^6.1.8":
  version "6.1.8"
  resolved "https://registry.yarnpkg.com/@octokit/request-error/-/request-error-6.1.8.tgz#3c7ce1ca6721eabd43dbddc76b44860de1fdea75"
  integrity sha512-WEi/R0Jmq+IJKydWlKDmryPcmdYSVjL3ekaiEL1L9eo1sUnqMJ+grqmC9cjk7CA7+b2/T397tO5d8YLOH3qYpQ==
  dependencies:
    "@octokit/types" "^14.0.0"

"@octokit/request@^9.2.3":
  version "9.2.3"
  resolved "https://registry.yarnpkg.com/@octokit/request/-/request-9.2.3.tgz#00d023ad690903d952e4dd31e3f5804ef98fcd24"
  integrity sha512-Ma+pZU8PXLOEYzsWf0cn/gY+ME57Wq8f49WTXA8FMHp2Ps9djKw//xYJ1je8Hm0pR2lU9FUGeJRWOtxq6olt4w==
  dependencies:
    "@octokit/endpoint" "^10.1.4"
    "@octokit/request-error" "^6.1.8"
    "@octokit/types" "^14.0.0"
    fast-content-type-parse "^2.0.0"
    universal-user-agent "^7.0.2"

"@octokit/types@^14.0.0":
  version "14.0.0"
  resolved "https://registry.yarnpkg.com/@octokit/types/-/types-14.0.0.tgz#bbd1d31e2269940789ef143b1c37918aae09adc4"
  integrity sha512-VVmZP0lEhbo2O1pdq63gZFiGCKkm8PPp8AUOijlwPO6hojEVjspA0MWKP7E4hbvGxzFKNqKr6p0IYtOH/Wf/zA==
  dependencies:
    "@octokit/openapi-types" "^25.0.0"

"@octokit/webhooks-methods@^5.1.1":
  version "5.1.1"
  resolved "https://registry.yarnpkg.com/@octokit/webhooks-methods/-/webhooks-methods-5.1.1.tgz#192f11a1f115702833f033293e2fef8f69f612e4"
  integrity sha512-NGlEHZDseJTCj8TMMFehzwa9g7On4KJMPVHDSrHxCQumL6uSQR8wIkP/qesv52fXqV1BPf4pTxwtS31ldAt9Xg==

"@octokit/webhooks@^13.6.1":
  version "13.8.0"
  resolved "https://registry.yarnpkg.com/@octokit/webhooks/-/webhooks-13.8.0.tgz#0d1f40f5b4217090deb5b810426052f477d8522b"
  integrity sha512-3PCWyFBNbW2+Ox36VAkSqlPoIb96NZiPcICRYySHZrDTM2NuNxvrjPeaQDj2egqILs9EZFObRTHVMe4XxXJV7w==
  dependencies:
    "@octokit/openapi-webhooks-types" "10.4.0"
    "@octokit/request-error" "^6.1.7"
    "@octokit/webhooks-methods" "^5.1.1"

"@types/aws-lambda@^8.10.83":
  version "8.10.109"
  resolved "https://registry.yarnpkg.com/@types/aws-lambda/-/aws-lambda-8.10.109.tgz#2f434cbfafe083529e365fe9c114787827a169a8"
  integrity sha512-/ME92FneNyXQzrAfcnQQlW1XkCZGPDlpi2ao1MJwecN+6SbeonKeggU8eybv1DfKli90FAVT1MlIZVXfwVuCyg==

asynckit@^0.4.0:
  version "0.4.0"
  resolved "https://registry.yarnpkg.com/asynckit/-/asynckit-0.4.0.tgz#c79ed97f7f34cb8f2ba1bc9790bcc366474b4b79"
  integrity sha512-Oei9OH4tRh0YqU3GxhX79dM/mwVgvbZJaSNaRk+bshkj0S5cfHcgYakreBjrHwatXKbz+IoIdYLxrKim2MjW0Q==

axios@^1.2.2:
  version "1.2.3"
  resolved "https://registry.yarnpkg.com/axios/-/axios-1.2.3.tgz#31a3d824c0ebf754a004b585e5f04a5f87e6c4ff"
  integrity sha512-pdDkMYJeuXLZ6Xj/Q5J3Phpe+jbGdsSzlQaFVkMQzRUL05+6+tetX8TV3p4HrU4kzuO9bt+io/yGQxuyxA/xcw==
  dependencies:
    follow-redirects "^1.15.0"
    form-data "^4.0.0"
    proxy-from-env "^1.1.0"

before-after-hook@^3.0.2:
  version "3.0.2"
  resolved "https://registry.yarnpkg.com/before-after-hook/-/before-after-hook-3.0.2.tgz#d5665a5fa8b62294a5aa0a499f933f4a1016195d"
  integrity sha512-Nik3Sc0ncrMK4UUdXQmAnRtzmNQTAAXmXIopizwZ1W1t8QmfJj+zL4OA2I7XPTPW5z5TDqv4hRo/JzouDJnX3A==

bottleneck@^2.15.3:
  version "2.19.5"
  resolved "https://registry.yarnpkg.com/bottleneck/-/bottleneck-2.19.5.tgz#5df0b90f59fd47656ebe63c78a98419205cadd91"
  integrity sha512-VHiNCbI1lKdl44tGrhNfU3lup0Tj/ZBMJB5/2ZbNXRCPuRCO7ed2mgcK4r17y+KB2EfuYuRaVlwNbAeaWGSpbw==

combined-stream@^1.0.8:
  version "1.0.8"
  resolved "https://registry.yarnpkg.com/combined-stream/-/combined-stream-1.0.8.tgz#c3d45a8b34fd730631a110a8a2520682b31d5a7f"
  integrity sha512-FQN4MRfuJeHf7cBbBMJFXhKSDq+2kAArBlmRBvcvFE5BB1HZKXtSFASDhdlz9zOYwxh8lDdnvmMOe/+5cdoEdg==
  dependencies:
    delayed-stream "~1.0.0"

delayed-stream@~1.0.0:
  version "1.0.0"
  resolved "https://registry.yarnpkg.com/delayed-stream/-/delayed-stream-1.0.0.tgz#df3ae199acadfb7d440aaae0b29e2272b24ec619"
  integrity sha512-ZySD7Nf91aLB0RxL4KGrKHBXl7Eds1DAmEdcoVawXnLD7SDhpNgtuII2aAkg7a7QS41jxPSZ17p4VdGnMHk3MQ==

fast-content-type-parse@^2.0.0:
  version "2.0.1"
  resolved "https://registry.yarnpkg.com/fast-content-type-parse/-/fast-content-type-parse-2.0.1.tgz#c236124534ee2cb427c8d8e5ba35a4856947847b"
  integrity sha512-nGqtvLrj5w0naR6tDPfB4cUmYCqouzyQiz6C5y/LtcDllJdrcc6WaWW6iXyIIOErTa/XRybj28aasdn4LkVk6Q==

follow-redirects@^1.15.0:
  version "1.15.2"
  resolved "https://registry.yarnpkg.com/follow-redirects/-/follow-redirects-1.15.2.tgz#b460864144ba63f2681096f274c4e57026da2c13"
  integrity sha512-VQLG33o04KaQ8uYi2tVNbdrWp1QWxNNea+nmIB4EVM28v0hmP17z7aG1+wAkNzVq4KeXTq3221ye5qTJP91JwA==

form-data@^4.0.0:
  version "4.0.0"
  resolved "https://registry.yarnpkg.com/form-data/-/form-data-4.0.0.tgz#93919daeaf361ee529584b9b31664dc12c9fa452"
  integrity sha512-ETEklSGi5t0QMZuiXoA/Q6vcnxcLQP5vdugSpuAyi6SVGi2clPPp+xgEhuMaHC+zGgn31Kd235W35f7Hykkaww==
  dependencies:
    asynckit "^0.4.0"
    combined-stream "^1.0.8"
    mime-types "^2.1.12"

mime-db@1.52.0:
  version "1.52.0"
  resolved "https://registry.yarnpkg.com/mime-db/-/mime-db-1.52.0.tgz#bbabcdc02859f4987301c856e3387ce5ec43bf70"
  integrity sha512-sPU4uV7dYlvtWJxwwxHD0PuihVNiE7TyAbQ5SWxDCB9mUYvOgroQOwYQQOKPJ8CIbE+1ETVlOoK1UC2nU3gYvg==

mime-types@^2.1.12:
  version "2.1.35"
  resolved "https://registry.yarnpkg.com/mime-types/-/mime-types-2.1.35.tgz#381a871b62a734450660ae3deee44813f70d959a"
  integrity sha512-ZDY+bPm5zTTF+YpCrAU9nK0UgICYPT0QtT1NZWFv4s++TNkcgVaT0g6+4R2uI4MjQjzysHB1zxuWL50hzaeXiw==
  dependencies:
    mime-db "1.52.0"

octokit@^4.1.3:
  version "4.1.3"
  resolved "https://registry.yarnpkg.com/octokit/-/octokit-4.1.3.tgz#8855681813a83b69a65a4bec8a77075d241f87df"
  integrity sha512-PP+EL8h4xPCE9NBo6jXq6I2/EiTXsn1cg9F0IZehHBv/qhuQpyGMFElEB17miWKciuT6vRHiFFiG9+FoXOmg6A==
  dependencies:
    "@octokit/app" "^15.1.6"
    "@octokit/core" "^6.1.5"
    "@octokit/oauth-app" "^7.1.6"
    "@octokit/plugin-paginate-graphql" "^5.2.4"
    "@octokit/plugin-paginate-rest" "^12.0.0"
    "@octokit/plugin-rest-endpoint-methods" "^14.0.0"
    "@octokit/plugin-retry" "^7.2.1"
    "@octokit/plugin-throttling" "^10.0.0"
    "@octokit/request-error" "^6.1.8"
    "@octokit/types" "^14.0.0"

proxy-from-env@^1.1.0:
  version "1.1.0"
  resolved "https://registry.yarnpkg.com/proxy-from-env/-/proxy-from-env-1.1.0.tgz#e102f16ca355424865755d2c9e8ea4f24d58c3e2"
  integrity sha512-D+zkORCbA9f1tdWRK0RaCR3GPv50cMxcrz4X8k5LTSUD1Dkw47mKJEZQNunItRTkWwgtaUSo1RVFRIG9ZXiFYg==

toad-cache@^3.7.0:
  version "3.7.0"
  resolved "https://registry.yarnpkg.com/toad-cache/-/toad-cache-3.7.0.tgz#b9b63304ea7c45ec34d91f1d2fa513517025c441"
  integrity sha512-/m8M+2BJUpoJdgAHoG+baCwBT+tf2VraSfkBgl0Y00qIWt41DJ8R5B8nsEw0I58YwF5IZH6z24/2TobDKnqSWw==

tunnel@^0.0.6:
  version "0.0.6"
  resolved "https://registry.yarnpkg.com/tunnel/-/tunnel-0.0.6.tgz#72f1314b34a5b192db012324df2cc587ca47f92c"
  integrity sha512-1h/Lnq9yajKY2PEbBadPXj3VxsDDu844OnaAo52UVmIzIvwwtBPIuNvkjuzBlTWpfJyUbG3ez0KSBibQkj4ojg==

universal-github-app-jwt@^2.2.0:
  version "2.2.2"
  resolved "https://registry.yarnpkg.com/universal-github-app-jwt/-/universal-github-app-jwt-2.2.2.tgz#38537e5a7d154085a35f97601a5e30e9e17717df"
  integrity sha512-dcmbeSrOdTnsjGjUfAlqNDJrhxXizjAz94ija9Qw8YkZ1uu0d+GoZzyH+Jb9tIIqvGsadUfwg+22k5aDqqwzbw==

universal-user-agent@^7.0.0, universal-user-agent@^7.0.2:
  version "7.0.2"
  resolved "https://registry.yarnpkg.com/universal-user-agent/-/universal-user-agent-7.0.2.tgz#52e7d0e9b3dc4df06cc33cb2b9fd79041a54827e"
  integrity sha512-0JCqzSKnStlRRQfCdowvqy3cy0Dvtlb8xecj/H8JFZuCze4rwjPZQOgvFvn0Ws/usCHQFGpyr+pB9adaGwXn4Q==

uuid@^8.3.2:
  version "8.3.2"
  resolved "https://registry.yarnpkg.com/uuid/-/uuid-8.3.2.tgz#80d5b5ced271bb9af6c445f21a1a04c606cefbe2"
  integrity sha512-+NYs2QeMWy+GWFOEm9xnn6HCDp0l7QBD7ml8zLUmJ+93Q5NF0NocErnwkTkXVFNiX3/fpC6afS8Dhb/gz7R7eg==
